// !$*UTF8*$!
{
	archiveVersion = 1;
	classes = {
	};
	objectVersion = 56;
	objects = {

/* Begin PBXBuildFile section */
		E4380F992BAAAE1500DD39B2 /* Node.swift in Sources */ = {isa = PBXBuildFile; fileRef = E4380F982BAAAE1500DD39B2 /* Node.swift */; };
		E4380F9B2BAAAE5000DD39B2 /* SingleLinkedList.swift in Sources */ = {isa = PBXBuildFile; fileRef = E4380F9A2BAAAE5000DD39B2 /* SingleLinkedList.swift */; };
		E46243182BABE94700A32F14 /* DoublyLinkedList.swift in Sources */ = {isa = PBXBuildFile; fileRef = E46243172BABE94700A32F14 /* DoublyLinkedList.swift */; };
		E462431C2BAC4AC100A32F14 /* CircularReference .swift in Sources */ = {isa = PBXBuildFile; fileRef = E462431A2BAC48FC00A32F14 /* CircularReference .swift */; };
		E4D84E3F2BAAA3B00056A2D3 /* main.swift in Sources */ = {isa = PBXBuildFile; fileRef = E4D84E3E2BAAA3B00056A2D3 /* main.swift */; };
		E4E5FA942BB12FE6004C3D4A /* CircularLinkedList.swift in Sources */ = {isa = PBXBuildFile; fileRef = E4E5FA932BB12FE6004C3D4A /* CircularLinkedList.swift */; };
/* End PBXBuildFile section */

/* Begin PBXCopyFilesBuildPhase section */
		E4D84E392BAAA3AF0056A2D3 /* CopyFiles */ = {
			isa = PBXCopyFilesBuildPhase;
			buildActionMask = 2147483647;
			dstPath = /usr/share/man/man1/;
			dstSubfolderSpec = 0;
			files = (
			);
			runOnlyForDeploymentPostprocessing = 1;
		};
/* End PBXCopyFilesBuildPhase section */

/* Begin PBXFileReference section */
		E4380F982BAAAE1500DD39B2 /* Node.swift */ = {isa = PBXFileReference; lastKnownFileType = sourcecode.swift; path = Node.swift; sourceTree = "<group>"; };
		E4380F9A2BAAAE5000DD39B2 /* SingleLinkedList.swift */ = {isa = PBXFileReference; lastKnownFileType = sourcecode.swift; path = SingleLinkedList.swift; sourceTree = "<group>"; };
		E46243172BABE94700A32F14 /* DoublyLinkedList.swift */ = {isa = PBXFileReference; lastKnownFileType = sourcecode.swift; path = DoublyLinkedList.swift; sourceTree = "<group>"; };
		E462431A2BAC48FC00A32F14 /* CircularReference .swift */ = {isa = PBXFileReference; lastKnownFileType = sourcecode.swift; path = "CircularReference .swift"; sourceTree = "<group>"; };
		E462431F2BAC658C00A32F14 /* README.md */ = {isa = PBXFileReference; fileEncoding = 4; lastKnownFileType = net.daringfireball.markdown; path = README.md; sourceTree = SOURCE_ROOT; };
		E4D84E3B2BAAA3B00056A2D3 /* Swift-Practice */ = {isa = PBXFileReference; explicitFileType = "compiled.mach-o.executable"; includeInIndex = 0; path = "Swift-Practice"; sourceTree = BUILT_PRODUCTS_DIR; };
		E4D84E3E2BAAA3B00056A2D3 /* main.swift */ = {isa = PBXFileReference; lastKnownFileType = sourcecode.swift; path = main.swift; sourceTree = "<group>"; };
		E4D84E482BAAA4570056A2D3 /* Comparison_if-map.swift */ = {isa = PBXFileReference; lastKnownFileType = sourcecode.swift; path = "Comparison_if-map.swift"; sourceTree = "<group>"; };
		E4D84E4A2BAAA55C0056A2D3 /* Comparison-if-switch.swift */ = {isa = PBXFileReference; lastKnownFileType = sourcecode.swift; path = "Comparison-if-switch.swift"; sourceTree = "<group>"; };
		E4E5FA932BB12FE6004C3D4A /* CircularLinkedList.swift */ = {isa = PBXFileReference; lastKnownFileType = sourcecode.swift; path = CircularLinkedList.swift; sourceTree = "<group>"; };
/* End PBXFileReference section */

/* Begin PBXFrameworksBuildPhase section */
		E4D84E382BAAA3AF0056A2D3 /* Frameworks */ = {
			isa = PBXFrameworksBuildPhase;
			buildActionMask = 2147483647;
			files = (
			);
			runOnlyForDeploymentPostprocessing = 0;
		};
/* End PBXFrameworksBuildPhase section */

/* Begin PBXGroup section */
		E46243192BAC48CF00A32F14 /* Memory */ = {
			isa = PBXGroup;
			children = (
				E462431A2BAC48FC00A32F14 /* CircularReference .swift */,
			);
			path = Memory;
			sourceTree = "<group>";
		};
		E462431E2BAC641100A32F14 /* DoublyLinkedList */ = {
			isa = PBXGroup;
			children = (
				E46243172BABE94700A32F14 /* DoublyLinkedList.swift */,
			);
			path = DoublyLinkedList;
			sourceTree = "<group>";
		};
		E4D84E322BAAA3AF0056A2D3 = {
			isa = PBXGroup;
			children = (
				E4D84E3D2BAAA3B00056A2D3 /* Swift-Practice */,
				E4D84E3C2BAAA3B00056A2D3 /* Products */,
			);
			sourceTree = "<group>";
		};
		E4D84E3C2BAAA3B00056A2D3 /* Products */ = {
			isa = PBXGroup;
			children = (
				E4D84E3B2BAAA3B00056A2D3 /* Swift-Practice */,
			);
			name = Products;
			sourceTree = "<group>";
		};
		E4D84E3D2BAAA3B00056A2D3 /* Swift-Practice */ = {
			isa = PBXGroup;
			children = (
				E462431F2BAC658C00A32F14 /* README.md */,
				E4D84E462BAAA3D90056A2D3 /* DataStructure */,
				E4D84E452BAAA3D90056A2D3 /* Performance */,
				E4D84E3E2BAAA3B00056A2D3 /* main.swift */,
			);
			path = "Swift-Practice";
			sourceTree = "<group>";
		};
		E4D84E452BAAA3D90056A2D3 /* Performance */ = {
			isa = PBXGroup;
			children = (
				E46243192BAC48CF00A32F14 /* Memory */,
				E4D84E472BAAA3EF0056A2D3 /* ControllStatement */,
			);
			path = Performance;
			sourceTree = "<group>";
		};
		E4D84E462BAAA3D90056A2D3 /* DataStructure */ = {
			isa = PBXGroup;
			children = (
				E4D84E4D2BAAA60B0056A2D3 /* Node */,
				E4D84E4C2BAAA5FB0056A2D3 /* SingleLinkedList */,
				E462431E2BAC641100A32F14 /* DoublyLinkedList */,
				E4E5FA922BB12FC1004C3D4A /* CircularLinkedList */,
			);
			path = DataStructure;
			sourceTree = "<group>";
		};
		E4D84E472BAAA3EF0056A2D3 /* ControllStatement */ = {
			isa = PBXGroup;
			children = (
				E4D84E482BAAA4570056A2D3 /* Comparison_if-map.swift */,
				E4D84E4A2BAAA55C0056A2D3 /* Comparison-if-switch.swift */,
			);
			path = ControllStatement;
			sourceTree = "<group>";
		};
		E4D84E4C2BAAA5FB0056A2D3 /* SingleLinkedList */ = {
			isa = PBXGroup;
			children = (
				E4380F9A2BAAAE5000DD39B2 /* SingleLinkedList.swift */,
			);
			path = SingleLinkedList;
			sourceTree = "<group>";
		};
		E4D84E4D2BAAA60B0056A2D3 /* Node */ = {
			isa = PBXGroup;
			children = (
				E4380F982BAAAE1500DD39B2 /* Node.swift */,
			);
			path = Node;
			sourceTree = "<group>";
		};
		E4E5FA922BB12FC1004C3D4A /* CircularLinkedList */ = {
			isa = PBXGroup;
			children = (
				E4E5FA932BB12FE6004C3D4A /* CircularLinkedList.swift */,
			);
			path = CircularLinkedList;
			sourceTree = "<group>";
		};
/* End PBXGroup section */

/* Begin PBXNativeTarget section */
		E4D84E3A2BAAA3AF0056A2D3 /* Swift-Practice */ = {
			isa = PBXNativeTarget;
			buildConfigurationList = E4D84E422BAAA3B00056A2D3 /* Build configuration list for PBXNativeTarget "Swift-Practice" */;
			buildPhases = (
				E4D84E372BAAA3AF0056A2D3 /* Sources */,
				E4D84E382BAAA3AF0056A2D3 /* Frameworks */,
				E4D84E392BAAA3AF0056A2D3 /* CopyFiles */,
			);
			buildRules = (
			);
			dependencies = (
			);
			name = "Swift-Practice";
			productName = "Swift-Practice";
			productReference = E4D84E3B2BAAA3B00056A2D3 /* Swift-Practice */;
			productType = "com.apple.product-type.tool";
		};
/* End PBXNativeTarget section */

/* Begin PBXProject section */
		E4D84E332BAAA3AF0056A2D3 /* Project object */ = {
			isa = PBXProject;
			attributes = {
				BuildIndependentTargetsInParallel = 1;
				LastSwiftUpdateCheck = 1510;
				LastUpgradeCheck = 1510;
				TargetAttributes = {
					E4D84E3A2BAAA3AF0056A2D3 = {
						CreatedOnToolsVersion = 15.1;
					};
				};
			};
			buildConfigurationList = E4D84E362BAAA3AF0056A2D3 /* Build configuration list for PBXProject "Swift-Practice" */;
			compatibilityVersion = "Xcode 14.0";
			developmentRegion = en;
			hasScannedForEncodings = 0;
			knownRegions = (
				en,
				Base,
			);
			mainGroup = E4D84E322BAAA3AF0056A2D3;
			productRefGroup = E4D84E3C2BAAA3B00056A2D3 /* Products */;
			projectDirPath = "";
			projectRoot = "";
			targets = (
				E4D84E3A2BAAA3AF0056A2D3 /* Swift-Practice */,
			);
		};
/* End PBXProject section */

/* Begin PBXSourcesBuildPhase section */
		E4D84E372BAAA3AF0056A2D3 /* Sources */ = {
			isa = PBXSourcesBuildPhase;
			buildActionMask = 2147483647;
			files = (
				E4D84E3F2BAAA3B00056A2D3 /* main.swift in Sources */,
				E4E5FA942BB12FE6004C3D4A /* CircularLinkedList.swift in Sources */,
				E4380F9B2BAAAE5000DD39B2 /* SingleLinkedList.swift in Sources */,
				E4380F992BAAAE1500DD39B2 /* Node.swift in Sources */,
				E462431C2BAC4AC100A32F14 /* CircularReference .swift in Sources */,
				E46243182BABE94700A32F14 /* DoublyLinkedList.swift in Sources */,
			);
			runOnlyForDeploymentPostprocessing = 0;
		};
/* End PBXSourcesBuildPhase section */

/* Begin XCBuildConfiguration section */
		E4D84E402BAAA3B00056A2D3 /* Debug */ = {
			isa = XCBuildConfiguration;
			buildSettings = {
				ALWAYS_SEARCH_USER_PATHS = NO;
				ASSETCATALOG_COMPILER_GENERATE_SWIFT_ASSET_SYMBOL_EXTENSIONS = YES;
				CLANG_ANALYZER_NONNULL = YES;
				CLANG_ANALYZER_NUMBER_OBJECT_CONVERSION = YES_AGGRESSIVE;
				CLANG_CXX_LANGUAGE_STANDARD = "gnu++20";
				CLANG_ENABLE_MODULES = YES;
				CLANG_ENABLE_OBJC_ARC = YES;
				CLANG_ENABLE_OBJC_WEAK = YES;
				CLANG_WARN_BLOCK_CAPTURE_AUTORELEASING = YES;
				CLANG_WARN_BOOL_CONVERSION = YES;
				CLANG_WARN_COMMA = YES;
				CLANG_WARN_CONSTANT_CONVERSION = YES;
				CLANG_WARN_DEPRECATED_OBJC_IMPLEMENTATIONS = YES;
				CLANG_WARN_DIRECT_OBJC_ISA_USAGE = YES_ERROR;
				CLANG_WARN_DOCUMENTATION_COMMENTS = YES;
				CLANG_WARN_EMPTY_BODY = YES;
				CLANG_WARN_ENUM_CONVERSION = YES;
				CLANG_WARN_INFINITE_RECURSION = YES;
				CLANG_WARN_INT_CONVERSION = YES;
				CLANG_WARN_NON_LITERAL_NULL_CONVERSION = YES;
				CLANG_WARN_OBJC_IMPLICIT_RETAIN_SELF = YES;
				CLANG_WARN_OBJC_LITERAL_CONVERSION = YES;
				CLANG_WARN_OBJC_ROOT_CLASS = YES_ERROR;
				CLANG_WARN_QUOTED_INCLUDE_IN_FRAMEWORK_HEADER = YES;
				CLANG_WARN_RANGE_LOOP_ANALYSIS = YES;
				CLANG_WARN_STRICT_PROTOTYPES = YES;
				CLANG_WARN_SUSPICIOUS_MOVE = YES;
				CLANG_WARN_UNGUARDED_AVAILABILITY = YES_AGGRESSIVE;
				CLANG_WARN_UNREACHABLE_CODE = YES;
				CLANG_WARN__DUPLICATE_METHOD_MATCH = YES;
				COPY_PHASE_STRIP = NO;
				DEBUG_INFORMATION_FORMAT = dwarf;
				ENABLE_STRICT_OBJC_MSGSEND = YES;
				ENABLE_TESTABILITY = YES;
				ENABLE_USER_SCRIPT_SANDBOXING = YES;
				GCC_C_LANGUAGE_STANDARD = gnu17;
				GCC_DYNAMIC_NO_PIC = NO;
				GCC_NO_COMMON_BLOCKS = YES;
				GCC_OPTIMIZATION_LEVEL = 0;
				GCC_PREPROCESSOR_DEFINITIONS = (
					"DEBUG=1",
					"$(inherited)",
				);
				GCC_WARN_64_TO_32_BIT_CONVERSION = YES;
				GCC_WARN_ABOUT_RETURN_TYPE = YES_ERROR;
				GCC_WARN_UNDECLARED_SELECTOR = YES;
				GCC_WARN_UNINITIALIZED_AUTOS = YES_AGGRESSIVE;
				GCC_WARN_UNUSED_FUNCTION = YES;
				GCC_WARN_UNUSED_VARIABLE = YES;
				LOCALIZATION_PREFERS_STRING_CATALOGS = YES;
				MACOSX_DEPLOYMENT_TARGET = 13.6;
				MTL_ENABLE_DEBUG_INFO = INCLUDE_SOURCE;
				MTL_FAST_MATH = YES;
				ONLY_ACTIVE_ARCH = YES;
				SDKROOT = macosx;
				SWIFT_ACTIVE_COMPILATION_CONDITIONS = "DEBUG $(inherited)";
				SWIFT_OPTIMIZATION_LEVEL = "-Onone";
			};
			name = Debug;
		};
		E4D84E412BAAA3B00056A2D3 /* Release */ = {
			isa = XCBuildConfiguration;
			buildSettings = {
				ALWAYS_SEARCH_USER_PATHS = NO;
				ASSETCATALOG_COMPILER_GENERATE_SWIFT_ASSET_SYMBOL_EXTENSIONS = YES;
				CLANG_ANALYZER_NONNULL = YES;
				CLANG_ANALYZER_NUMBER_OBJECT_CONVERSION = YES_AGGRESSIVE;
				CLANG_CXX_LANGUAGE_STANDARD = "gnu++20";
				CLANG_ENABLE_MODULES = YES;
				CLANG_ENABLE_OBJC_ARC = YES;
				CLANG_ENABLE_OBJC_WEAK = YES;
				CLANG_WARN_BLOCK_CAPTURE_AUTORELEASING = YES;
				CLANG_WARN_BOOL_CONVERSION = YES;
				CLANG_WARN_COMMA = YES;
				CLANG_WARN_CONSTANT_CONVERSION = YES;
				CLANG_WARN_DEPRECATED_OBJC_IMPLEMENTATIONS = YES;
				CLANG_WARN_DIRECT_OBJC_ISA_USAGE = YES_ERROR;
				CLANG_WARN_DOCUMENTATION_COMMENTS = YES;
				CLANG_WARN_EMPTY_BODY = YES;
				CLANG_WARN_ENUM_CONVERSION = YES;
				CLANG_WARN_INFINITE_RECURSION = YES;
				CLANG_WARN_INT_CONVERSION = YES;
				CLANG_WARN_NON_LITERAL_NULL_CONVERSION = YES;
				CLANG_WARN_OBJC_IMPLICIT_RETAIN_SELF = YES;
				CLANG_WARN_OBJC_LITERAL_CONVERSION = YES;
				CLANG_WARN_OBJC_ROOT_CLASS = YES_ERROR;
				CLANG_WARN_QUOTED_INCLUDE_IN_FRAMEWORK_HEADER = YES;
				CLANG_WARN_RANGE_LOOP_ANALYSIS = YES;
				CLANG_WARN_STRICT_PROTOTYPES = YES;
				CLANG_WARN_SUSPICIOUS_MOVE = YES;
				CLANG_WARN_UNGUARDED_AVAILABILITY = YES_AGGRESSIVE;
				CLANG_WARN_UNREACHABLE_CODE = YES;
				CLANG_WARN__DUPLICATE_METHOD_MATCH = YES;
				COPY_PHASE_STRIP = NO;
				DEBUG_INFORMATION_FORMAT = "dwarf-with-dsym";
				ENABLE_NS_ASSERTIONS = NO;
				ENABLE_STRICT_OBJC_MSGSEND = YES;
				ENABLE_USER_SCRIPT_SANDBOXING = YES;
				GCC_C_LANGUAGE_STANDARD = gnu17;
				GCC_NO_COMMON_BLOCKS = YES;
				GCC_WARN_64_TO_32_BIT_CONVERSION = YES;
				GCC_WARN_ABOUT_RETURN_TYPE = YES_ERROR;
				GCC_WARN_UNDECLARED_SELECTOR = YES;
				GCC_WARN_UNINITIALIZED_AUTOS = YES_AGGRESSIVE;
				GCC_WARN_UNUSED_FUNCTION = YES;
				GCC_WARN_UNUSED_VARIABLE = YES;
				LOCALIZATION_PREFERS_STRING_CATALOGS = YES;
				MACOSX_DEPLOYMENT_TARGET = 13.6;
				MTL_ENABLE_DEBUG_INFO = NO;
				MTL_FAST_MATH = YES;
				SDKROOT = macosx;
				SWIFT_COMPILATION_MODE = wholemodule;
			};
			name = Release;
		};
		E4D84E432BAAA3B00056A2D3 /* Debug */ = {
			isa = XCBuildConfiguration;
			buildSettings = {
				CODE_SIGN_STYLE = Automatic;
				DEVELOPMENT_TEAM = 5ZD6C52YBZ;
				ENABLE_HARDENED_RUNTIME = YES;
				PRODUCT_NAME = "$(TARGET_NAME)";
				SWIFT_VERSION = 5.0;
			};
			name = Debug;
		};
		E4D84E442BAAA3B00056A2D3 /* Release */ = {
			isa = XCBuildConfiguration;
			buildSettings = {
				CODE_SIGN_STYLE = Automatic;
				DEVELOPMENT_TEAM = 5ZD6C52YBZ;
				ENABLE_HARDENED_RUNTIME = YES;
				PRODUCT_NAME = "$(TARGET_NAME)";
				SWIFT_VERSION = 5.0;
			};
			name = Release;
		};
/* End XCBuildConfiguration section */

/* Begin XCConfigurationList section */
		E4D84E362BAAA3AF0056A2D3 /* Build configuration list for PBXProject "Swift-Practice" */ = {
			isa = XCConfigurationList;
			buildConfigurations = (
				E4D84E402BAAA3B00056A2D3 /* Debug */,
				E4D84E412BAAA3B00056A2D3 /* Release */,
			);
			defaultConfigurationIsVisible = 0;
			defaultConfigurationName = Release;
		};
		E4D84E422BAAA3B00056A2D3 /* Build configuration list for PBXNativeTarget "Swift-Practice" */ = {
			isa = XCConfigurationList;
			buildConfigurations = (
				E4D84E432BAAA3B00056A2D3 /* Debug */,
				E4D84E442BAAA3B00056A2D3 /* Release */,
			);
			defaultConfigurationIsVisible = 0;
			defaultConfigurationName = Release;
		};
/* End XCConfigurationList section */
	};
	rootObject = E4D84E332BAAA3AF0056A2D3 /* Project object */;
}
